
Microsoft Visual Studio Solution File, Format Version 12.00
# Visual Studio 15
VisualStudioVersion = 15.0.33026.149
MinimumVisualStudioVersion = 10.0.40219.1
Project("{FAE04EC0-301F-11D3-BF4B-00C04F79EFBC}") = "Program", "Program\Program.csproj", "{347635F8-02EF-4592-8DCC-3343B0DAEDD8}"
EndProject
Project("{FAE04EC0-301F-11D3-BF4B-00C04F79EFBC}") = "Class_01", "First_Class\Class_01.csproj", "{A53A3009-458E-4F8F-BDF7-A0F7718367D2}"
EndProject
Project("{FAE04EC0-301F-11D3-BF4B-00C04F79EFBC}") = "Class_02", "Second_Class\Class_02.csproj", "{1648CC20-7EDF-4864-9B8F-08CC7AA3EE0E}"
EndProject
Project("{FAE04EC0-301F-11D3-BF4B-00C04F79EFBC}") = "Class_03", "Class_03\Class_03.csproj", "{D031D1F6-AAA4-4EB2-9E3D-BF5152E61E4B}"
EndProject
Project("{FAE04EC0-301F-11D3-BF4B-00C04F79EFBC}") = "Class_04", "Class04\Class_04.csproj", "{4CDAB84F-9FE8-461A-91F6-9C7B58DAD8F4}"
EndProject
Project("{FAE04EC0-301F-11D3-BF4B-00C04F79EFBC}") = "Class_05", "Class_05\Class_05.csproj", "{84502BC8-4276-45AF-8F99-94049FE0857E}"
EndProject
Project("{FAE04EC0-301F-11D3-BF4B-00C04F79EFBC}") = "Class_06", "Class06\Class_06.csproj", "{835C39CA-873F-44E1-AE8C-77A550B9E151}"
EndProject
Project("{FAE04EC0-301F-11D3-BF4B-00C04F79EFBC}") = "Class_07", "Class_07\Class_07.csproj", "{0C246326-C122-435B-B828-3807CA87124F}"
EndProject
Project("{FAE04EC0-301F-11D3-BF4B-00C04F79EFBC}") = "Class_08", "Class08\Class_08.csproj", "{B5CD4262-5C8B-41E7-9BCF-B375687763E4}"
EndProject
Project("{FAE04EC0-301F-11D3-BF4B-00C04F79EFBC}") = "Class_09", "Class_09\Class_09.csproj", "{459F2171-92DA-47A2-A334-7602E475A00C}"
EndProject
Global
	GlobalSection(SolutionConfigurationPlatforms) = preSolution
		Debug|Any CPU = Debug|Any CPU
		Release|Any CPU = Release|Any CPU
	EndGlobalSection
	GlobalSection(ProjectConfigurationPlatforms) = postSolution
		{347635F8-02EF-4592-8DCC-3343B0DAEDD8}.Debug|Any CPU.ActiveCfg = Debug|Any CPU
		{347635F8-02EF-4592-8DCC-3343B0DAEDD8}.Debug|Any CPU.Build.0 = Debug|Any CPU
		{347635F8-02EF-4592-8DCC-3343B0DAEDD8}.Release|Any CPU.ActiveCfg = Release|Any CPU
		{347635F8-02EF-4592-8DCC-3343B0DAEDD8}.Release|Any CPU.Build.0 = Release|Any CPU
		{A53A3009-458E-4F8F-BDF7-A0F7718367D2}.Debug|Any CPU.ActiveCfg = Debug|Any CPU
		{A53A3009-458E-4F8F-BDF7-A0F7718367D2}.Debug|Any CPU.Build.0 = Debug|Any CPU
		{A53A3009-458E-4F8F-BDF7-A0F7718367D2}.Release|Any CPU.ActiveCfg = Release|Any CPU
		{A53A3009-458E-4F8F-BDF7-A0F7718367D2}.Release|Any CPU.Build.0 = Release|Any CPU
		{1648CC20-7EDF-4864-9B8F-08CC7AA3EE0E}.Debug|Any CPU.ActiveCfg = Debug|Any CPU
		{1648CC20-7EDF-4864-9B8F-08CC7AA3EE0E}.Debug|Any CPU.Build.0 = Debug|Any CPU
		{1648CC20-7EDF-4864-9B8F-08CC7AA3EE0E}.Release|Any CPU.ActiveCfg = Release|Any CPU
		{1648CC20-7EDF-4864-9B8F-08CC7AA3EE0E}.Release|Any CPU.Build.0 = Release|Any CPU
		{D031D1F6-AAA4-4EB2-9E3D-BF5152E61E4B}.Debug|Any CPU.ActiveCfg = Debug|Any CPU
		{D031D1F6-AAA4-4EB2-9E3D-BF5152E61E4B}.Debug|Any CPU.Build.0 = Debug|Any CPU
		{D031D1F6-AAA4-4EB2-9E3D-BF5152E61E4B}.Release|Any CPU.ActiveCfg = Release|Any CPU
		{D031D1F6-AAA4-4EB2-9E3D-BF5152E61E4B}.Release|Any CPU.Build.0 = Release|Any CPU
		{4CDAB84F-9FE8-461A-91F6-9C7B58DAD8F4}.Debug|Any CPU.ActiveCfg = Debug|Any CPU
		{4CDAB84F-9FE8-461A-91F6-9C7B58DAD8F4}.Debug|Any CPU.Build.0 = Debug|Any CPU
		{4CDAB84F-9FE8-461A-91F6-9C7B58DAD8F4}.Release|Any CPU.ActiveCfg = Release|Any CPU
		{4CDAB84F-9FE8-461A-91F6-9C7B58DAD8F4}.Release|Any CPU.Build.0 = Release|Any CPU
		{84502BC8-4276-45AF-8F99-94049FE0857E}.Debug|Any CPU.ActiveCfg = Debug|Any CPU
		{84502BC8-4276-45AF-8F99-94049FE0857E}.Debug|Any CPU.Build.0 = Debug|Any CPU
		{84502BC8-4276-45AF-8F99-94049FE0857E}.Release|Any CPU.ActiveCfg = Release|Any CPU
		{84502BC8-4276-45AF-8F99-94049FE0857E}.Release|Any CPU.Build.0 = Release|Any CPU
		{835C39CA-873F-44E1-AE8C-77A550B9E151}.Debug|Any CPU.ActiveCfg = Debug|Any CPU
		{835C39CA-873F-44E1-AE8C-77A550B9E151}.Debug|Any CPU.Build.0 = Debug|Any CPU
		{835C39CA-873F-44E1-AE8C-77A550B9E151}.Release|Any CPU.ActiveCfg = Release|Any CPU
		{835C39CA-873F-44E1-AE8C-77A550B9E151}.Release|Any CPU.Build.0 = Release|Any CPU
		{0C246326-C122-435B-B828-3807CA87124F}.Debug|Any CPU.ActiveCfg = Debug|Any CPU
		{0C246326-C122-435B-B828-3807CA87124F}.Debug|Any CPU.Build.0 = Debug|Any CPU
		{0C246326-C122-435B-B828-3807CA87124F}.Release|Any CPU.ActiveCfg = Release|Any CPU
		{0C246326-C122-435B-B828-3807CA87124F}.Release|Any CPU.Build.0 = Release|Any CPU
		{B5CD4262-5C8B-41E7-9BCF-B375687763E4}.Debug|Any CPU.ActiveCfg = Debug|Any CPU
		{B5CD4262-5C8B-41E7-9BCF-B375687763E4}.Debug|Any CPU.Build.0 = Debug|Any CPU
		{B5CD4262-5C8B-41E7-9BCF-B375687763E4}.Release|Any CPU.ActiveCfg = Release|Any CPU
		{B5CD4262-5C8B-41E7-9BCF-B375687763E4}.Release|Any CPU.Build.0 = Release|Any CPU
		{459F2171-92DA-47A2-A334-7602E475A00C}.Debug|Any CPU.ActiveCfg = Debug|Any CPU
		{459F2171-92DA-47A2-A334-7602E475A00C}.Debug|Any CPU.Build.0 = Debug|Any CPU
		{459F2171-92DA-47A2-A334-7602E475A00C}.Release|Any CPU.ActiveCfg = Release|Any CPU
		{459F2171-92DA-47A2-A334-7602E475A00C}.Release|Any CPU.Build.0 = Release|Any CPU
	EndGlobalSection
	GlobalSection(SolutionProperties) = preSolution
		HideSolutionNode = FALSE
	EndGlobalSection
	GlobalSection(ExtensibilityGlobals) = postSolution
		SolutionGuid = {F5F75AD5-1141-4713-83D6-303581B5B7D3}
	EndGlobalSection
EndGlobal
