
Microsoft Visual Studio Solution File, Format Version 12.00
# Visual Studio 15
VisualStudioVersion = 15.0.33026.149
MinimumVisualStudioVersion = 10.0.40219.1
Project("{FAE04EC0-301F-11D3-BF4B-00C04F79EFBC}") = "Program", "Program\Program.csproj", "{347635F8-02EF-4592-8DCC-3343B0DAEDD8}"
EndProject
Project("{FAE04EC0-301F-11D3-BF4B-00C04F79EFBC}") = "First_Class", "First_Class\First_Class.csproj", "{A53A3009-458E-4F8F-BDF7-A0F7718367D2}"
EndProject
Project("{FAE04EC0-301F-11D3-BF4B-00C04F79EFBC}") = "Second_Class", "Second_Class\Second_Class.csproj", "{1648CC20-7EDF-4864-9B8F-08CC7AA3EE0E}"
EndProject
Global
	GlobalSection(SolutionConfigurationPlatforms) = preSolution
		Debug|Any CPU = Debug|Any CPU
		Release|Any CPU = Release|Any CPU
	EndGlobalSection
	GlobalSection(ProjectConfigurationPlatforms) = postSolution
		{347635F8-02EF-4592-8DCC-3343B0DAEDD8}.Debug|Any CPU.ActiveCfg = Debug|Any CPU
		{347635F8-02EF-4592-8DCC-3343B0DAEDD8}.Debug|Any CPU.Build.0 = Debug|Any CPU
		{347635F8-02EF-4592-8DCC-3343B0DAEDD8}.Release|Any CPU.ActiveCfg = Release|Any CPU
		{347635F8-02EF-4592-8DCC-3343B0DAEDD8}.Release|Any CPU.Build.0 = Release|Any CPU
		{A53A3009-458E-4F8F-BDF7-A0F7718367D2}.Debug|Any CPU.ActiveCfg = Debug|Any CPU
		{A53A3009-458E-4F8F-BDF7-A0F7718367D2}.Debug|Any CPU.Build.0 = Debug|Any CPU
		{A53A3009-458E-4F8F-BDF7-A0F7718367D2}.Release|Any CPU.ActiveCfg = Release|Any CPU
		{A53A3009-458E-4F8F-BDF7-A0F7718367D2}.Release|Any CPU.Build.0 = Release|Any CPU
		{1648CC20-7EDF-4864-9B8F-08CC7AA3EE0E}.Debug|Any CPU.ActiveCfg = Debug|Any CPU
		{1648CC20-7EDF-4864-9B8F-08CC7AA3EE0E}.Debug|Any CPU.Build.0 = Debug|Any CPU
		{1648CC20-7EDF-4864-9B8F-08CC7AA3EE0E}.Release|Any CPU.ActiveCfg = Release|Any CPU
		{1648CC20-7EDF-4864-9B8F-08CC7AA3EE0E}.Release|Any CPU.Build.0 = Release|Any CPU
	EndGlobalSection
	GlobalSection(SolutionProperties) = preSolution
		HideSolutionNode = FALSE
	EndGlobalSection
	GlobalSection(ExtensibilityGlobals) = postSolution
		SolutionGuid = {F5F75AD5-1141-4713-83D6-303581B5B7D3}
	EndGlobalSection
EndGlobal
